<?xml version="1.0" encoding="utf-8"?>
<Project ToolsVersion="18.0" xmlns="http://schemas.microsoft.com/developer/msbuild/2003">
  <ItemGroup>
    <CustomBuild Include="C:\Users\janst\OneDrive\Dokumente\Minima\tokenizer\build2\CMakeFiles\3b9e25e1f8e2cef59b02c44b26dee8f7\RUN_TESTS_force.rule">
      <Filter>CMake Rules</Filter>
    </CustomBuild>
  </ItemGroup>
  <ItemGroup>
    <Filter Include="CMake Rules">
      <UniqueIdentifier>{2DDF64BC-C528-3114-8083-AAAA360C7BFF}</UniqueIdentifier>
    </Filter>
  </ItemGroup>
</Project>
