<?xml version="1.0" encoding="utf-8"?>
<Project ToolsVersion="18.0" xmlns="http://schemas.microsoft.com/developer/msbuild/2003">
  <ItemGroup>
    <ClCompile Include="C:\Users\janst\OneDrive\Dokumente\Minima\tokenizer\src\bpe.cpp">
      <Filter>Source Files</Filter>
    </ClCompile>
    <ClCompile Include="C:\Users\janst\OneDrive\Dokumente\Minima\tokenizer\src\bindings.cpp">
      <Filter>Source Files</Filter>
    </ClCompile>
  </ItemGroup>
  <ItemGroup>
    <CustomBuild Include="C:\Users\janst\OneDrive\Dokumente\Minima\tokenizer\CMakeLists.txt" />
  </ItemGroup>
  <ItemGroup>
    <Filter Include="Source Files">
      <UniqueIdentifier>{8277FC86-0343-3B38-9BC8-F87F19F10AA3}</UniqueIdentifier>
    </Filter>
  </ItemGroup>
</Project>
